
Microsoft Visual Studio Solution File, Format Version 12.00
# Visual Studio Version 17
VisualStudioVersion = 17.3.32804.467
MinimumVisualStudioVersion = 10.0.40219.1
Project("{FAE04EC0-301F-11D3-BF4B-00C04F79EFBC}") = "WebAppDETAug2022", "WebAppDETAug2022\WebAppDETAug2022.csproj", "{D0185F5B-756D-42CD-96C1-817AAB735061}"
EndProject
Global
	GlobalSection(SolutionConfigurationPlatforms) = preSolution
		Debug|Any CPU = Debug|Any CPU
		Release|Any CPU = Release|Any CPU
	EndGlobalSection
	GlobalSection(ProjectConfigurationPlatforms) = postSolution
		{D0185F5B-756D-42CD-96C1-817AAB735061}.Debug|Any CPU.ActiveCfg = Debug|Any CPU
		{D0185F5B-756D-42CD-96C1-817AAB735061}.Debug|Any CPU.Build.0 = Debug|Any CPU
		{D0185F5B-756D-42CD-96C1-817AAB735061}.Release|Any CPU.ActiveCfg = Release|Any CPU
		{D0185F5B-756D-42CD-96C1-817AAB735061}.Release|Any CPU.Build.0 = Release|Any CPU
	EndGlobalSection
	GlobalSection(SolutionProperties) = preSolution
		HideSolutionNode = FALSE
	EndGlobalSection
	GlobalSection(ExtensibilityGlobals) = postSolution
		SolutionGuid = {69B2215D-94D7-4711-9914-75BD96C31D0B}
	EndGlobalSection
EndGlobal
