
Microsoft Visual Studio Solution File, Format Version 12.00
# Visual Studio Version 17
VisualStudioVersion = 17.3.32804.467
MinimumVisualStudioVersion = 10.0.40219.1
Project("{9A19103F-16F7-4668-BE54-9A1E7A4F7556}") = "WebAppDETAug2022", "WebAppDETAug2022\WebAppDETAug2022.csproj", "{D0185F5B-756D-42CD-96C1-817AAB735061}"
EndProject
Project("{9A19103F-16F7-4668-BE54-9A1E7A4F7556}") = "WebAppDETAug2022MCV", "WebAppDETAug2022MCV\WebAppDETAug2022MCV.csproj", "{BCCE4699-F51C-4918-8958-A1F38C841EA4}"
EndProject
Project("{9A19103F-16F7-4668-BE54-9A1E7A4F7556}") = "WebApiDemo", "WebApiDemo\WebApiDemo.csproj", "{791C4D23-68DD-44F3-8041-2B5E46428E97}"
EndProject
Project("{9A19103F-16F7-4668-BE54-9A1E7A4F7556}") = "ConsoleAPIclient", "ConsoleAppclient\ConsoleAPIclient.csproj", "{C8DFBC3C-95C0-4077-B09C-D8531E781AE4}"
EndProject
Project("{FAE04EC0-301F-11D3-BF4B-00C04F79EFBC}") = "Bank", "Bank\Bank.csproj", "{1BD386D1-BB5A-4E9C-AA66-763858666171}"
EndProject
Project("{FAE04EC0-301F-11D3-BF4B-00C04F79EFBC}") = "BankTests", "BankTests\BankTests.csproj", "{35DF3939-BCA2-49D5-8E54-7B3DD308F483}"
EndProject
Project("{FAE04EC0-301F-11D3-BF4B-00C04F79EFBC}") = "MyFirstUnitTest", "MyFirstUnitTest\MyFirstUnitTest.csproj", "{65AAAD7D-7FAE-43CC-9350-5674FFACD148}"
EndProject
Project("{FAE04EC0-301F-11D3-BF4B-00C04F79EFBC}") = "TestProject1_ClassLibPizza", "TestProject1_ClassLibPizza\TestProject1_ClassLibPizza.csproj", "{E3639FC0-A459-4D9A-92EA-4C2C80D9D59D}"
EndProject
Global
	GlobalSection(SolutionConfigurationPlatforms) = preSolution
		Debug|Any CPU = Debug|Any CPU
		Release|Any CPU = Release|Any CPU
	EndGlobalSection
	GlobalSection(ProjectConfigurationPlatforms) = postSolution
		{D0185F5B-756D-42CD-96C1-817AAB735061}.Debug|Any CPU.ActiveCfg = Debug|Any CPU
		{D0185F5B-756D-42CD-96C1-817AAB735061}.Debug|Any CPU.Build.0 = Debug|Any CPU
		{D0185F5B-756D-42CD-96C1-817AAB735061}.Release|Any CPU.ActiveCfg = Release|Any CPU
		{D0185F5B-756D-42CD-96C1-817AAB735061}.Release|Any CPU.Build.0 = Release|Any CPU
		{BCCE4699-F51C-4918-8958-A1F38C841EA4}.Debug|Any CPU.ActiveCfg = Debug|Any CPU
		{BCCE4699-F51C-4918-8958-A1F38C841EA4}.Debug|Any CPU.Build.0 = Debug|Any CPU
		{BCCE4699-F51C-4918-8958-A1F38C841EA4}.Release|Any CPU.ActiveCfg = Release|Any CPU
		{BCCE4699-F51C-4918-8958-A1F38C841EA4}.Release|Any CPU.Build.0 = Release|Any CPU
		{791C4D23-68DD-44F3-8041-2B5E46428E97}.Debug|Any CPU.ActiveCfg = Debug|Any CPU
		{791C4D23-68DD-44F3-8041-2B5E46428E97}.Debug|Any CPU.Build.0 = Debug|Any CPU
		{791C4D23-68DD-44F3-8041-2B5E46428E97}.Release|Any CPU.ActiveCfg = Release|Any CPU
		{791C4D23-68DD-44F3-8041-2B5E46428E97}.Release|Any CPU.Build.0 = Release|Any CPU
		{C8DFBC3C-95C0-4077-B09C-D8531E781AE4}.Debug|Any CPU.ActiveCfg = Debug|Any CPU
		{C8DFBC3C-95C0-4077-B09C-D8531E781AE4}.Debug|Any CPU.Build.0 = Debug|Any CPU
		{C8DFBC3C-95C0-4077-B09C-D8531E781AE4}.Release|Any CPU.ActiveCfg = Release|Any CPU
		{C8DFBC3C-95C0-4077-B09C-D8531E781AE4}.Release|Any CPU.Build.0 = Release|Any CPU
		{1BD386D1-BB5A-4E9C-AA66-763858666171}.Debug|Any CPU.ActiveCfg = Debug|Any CPU
		{1BD386D1-BB5A-4E9C-AA66-763858666171}.Debug|Any CPU.Build.0 = Debug|Any CPU
		{1BD386D1-BB5A-4E9C-AA66-763858666171}.Release|Any CPU.ActiveCfg = Release|Any CPU
		{1BD386D1-BB5A-4E9C-AA66-763858666171}.Release|Any CPU.Build.0 = Release|Any CPU
		{35DF3939-BCA2-49D5-8E54-7B3DD308F483}.Debug|Any CPU.ActiveCfg = Debug|Any CPU
		{35DF3939-BCA2-49D5-8E54-7B3DD308F483}.Debug|Any CPU.Build.0 = Debug|Any CPU
		{35DF3939-BCA2-49D5-8E54-7B3DD308F483}.Release|Any CPU.ActiveCfg = Release|Any CPU
		{35DF3939-BCA2-49D5-8E54-7B3DD308F483}.Release|Any CPU.Build.0 = Release|Any CPU
		{65AAAD7D-7FAE-43CC-9350-5674FFACD148}.Debug|Any CPU.ActiveCfg = Debug|Any CPU
		{65AAAD7D-7FAE-43CC-9350-5674FFACD148}.Debug|Any CPU.Build.0 = Debug|Any CPU
		{65AAAD7D-7FAE-43CC-9350-5674FFACD148}.Release|Any CPU.ActiveCfg = Release|Any CPU
		{65AAAD7D-7FAE-43CC-9350-5674FFACD148}.Release|Any CPU.Build.0 = Release|Any CPU
		{E3639FC0-A459-4D9A-92EA-4C2C80D9D59D}.Debug|Any CPU.ActiveCfg = Debug|Any CPU
		{E3639FC0-A459-4D9A-92EA-4C2C80D9D59D}.Debug|Any CPU.Build.0 = Debug|Any CPU
		{E3639FC0-A459-4D9A-92EA-4C2C80D9D59D}.Release|Any CPU.ActiveCfg = Release|Any CPU
		{E3639FC0-A459-4D9A-92EA-4C2C80D9D59D}.Release|Any CPU.Build.0 = Release|Any CPU
	EndGlobalSection
	GlobalSection(SolutionProperties) = preSolution
		HideSolutionNode = FALSE
	EndGlobalSection
	GlobalSection(ExtensibilityGlobals) = postSolution
		SolutionGuid = {69B2215D-94D7-4711-9914-75BD96C31D0B}
	EndGlobalSection
EndGlobal
